{
    "_meta": {
        "hash": {
            "sha256": "300cfc4dad57537f1d05f8658c476bb46bee8a7b9a943a7324ac99f5cc80494e"
        },
        "pipfile-spec": 6,
        "requires": {
            "python_version": "3.7"
        },
        "sources": [
            {
                "name": "pypi",
                "url": "https://pypi.org/simple",
                "verify_ssl": true
            }
        ]
    },
    "default": {
        "arviz": {
            "hashes": [
                "sha256:12c30a10c02943c3c3a5605cd38efa478301a5bdc0ead5197d29c2a95baf573f",
                "sha256:a1967b56d7bf1ee4464788455c1a4fa0e2f994aef7d49c3b3dcc981f4f376727"
            ],
            "index": "pypi",
            "version": "==0.3.3"
        },
        "cftime": {
            "hashes": [
                "sha256:01e878ddca9bf049eaa70805f250942005f63f784a47838b7c48f245b7609c68",
                "sha256:07dbb28d20935db2609970f64b34808da944f922e8bce9013e87d9f9eabe6511",
                "sha256:145be4da15d05d81a197c738b02f7e3e0496b6181088c5c9e5ac95aa8e2b6993",
                "sha256:1c4e36c1939d2b375db99d5d32f43e509cbaf581c1f3db717981c2b0108d6b05",
                "sha256:1f45f23c8b89af79286aba1abf65f30180eb00920581f50509e5c7e33cb12576",
                "sha256:2114801a33f08d02c4ea6d5a703660700a6a04dfd3bb4bd76d3214d97017717f",
                "sha256:26dc278d9022a8ddc86ab896dda6a33bcb629bb8bc57f34a57cd84c9d4003ea7",
                "sha256:2e6bf4a5b433fccad6f302a58f7facc1551ff1f92d70c59231c87db5b84325f1",
                "sha256:345ac0acaabb186fe52f33546ef4d8d2e1f7a2f6cc5039fd72d1289723b27703",
                "sha256:4044164df9b975377c2761789fb50e1ebffba255a1bfee038c86044c0d0fa123",
                "sha256:481602a0b7f0dd419042ac38b16c99b7e362ead05eb34f599cc07571f0f0a4b1",
                "sha256:525695e66ecd837063173e2bddc693489b4a19e0553a820ce17f8950a5b600e6",
                "sha256:530d42a05db678860f548e7f11a263fc270cf49a693e5001c52846b66c3dae96",
                "sha256:959c2025815b4a792b3535afb0f74af2e276b470eea0e1bc202563c7f387daaa",
                "sha256:9b212bd47946aba8d264a4b2ad1598c2be5e76466eed04f466871f3982e8b2e8",
                "sha256:9b8c67a34876cf11181d7700e3b9e24d79d8dc8811f35f1fbaac867af8624417",
                "sha256:a1ab7c876d2a07fc2fecff5141a073887d10c63cd3f880d7280d0f795bf18b2f",
                "sha256:b1f73f7c84d96f949b4da5ea573317bb43a372c0a6a7104e9f5dcd7097ebcb89",
                "sha256:b637371ff4c26c1f5accf64a9d4a454eef0788bbd79fe3600f4fefb79c29e8f3",
                "sha256:b94aec4cfe299f00abfb2004ef62b564e1f52c2d2c66c7628c3cd144aeb37f46",
                "sha256:c3c4e0864ef2af1418ac961a0dd065475f15f07fc5d5bf0030c2e39bddd34d49",
                "sha256:c92dd3ac31f2d8d1893fd45ca9fbd7059a820d4d078f78ebb5179ea33eebc18e",
                "sha256:d62a1a9cc2416c2be78f980e49987f5b2062f5a758d6c8d873efac06ba78a9c0",
                "sha256:dd74d0d470baf1c50e31335215793a5e78436903e34b4f151fa9ccbf3a6cc20c",
                "sha256:ebb3f3f9f3f25248e5e622256da72180c0f56b3e72d94e3318423e87bad81f5c",
                "sha256:f0cd8f99d28c6e148cbd62d7f07821148be3323989f18ba8a713bedef87a8355"
            ],
            "version": "==1.0.3.4"
        },
        "cycler": {
            "hashes": [
                "sha256:1d8a5ae1ff6c5cf9b93e8811e581232ad8920aeec647c37316ceac982b08cb2d",
                "sha256:cd7b2d1018258d7247a71425e9f26463dfb444d411c39569972f4ce586b0c9d8"
            ],
            "version": "==0.10.0"
        },
        "cython": {
            "hashes": [
                "sha256:0ce8f6c789c907472c9084a44b625eba76a85d0189513de1497ab102a9d39ef8",
                "sha256:0d67964b747ac09758ba31fe25da2f66f575437df5f121ff481889a7a4485f56",
                "sha256:1630823619a87a814e5c1fa9f96544272ce4f94a037a34093fbec74989342328",
                "sha256:1a4c634bb049c8482b7a4f3121330de1f1c1f66eac3570e1e885b0c392b6a451",
                "sha256:1ec91cc09e9f9a2c3173606232adccc68f3d14be1a15a8c5dc6ab97b47b31528",
                "sha256:237a8fdd8333f7248718875d930d1e963ffa519fefeb0756d01d91cbfadab0bc",
                "sha256:28a308cbfdf9b7bb44def918ad4a26b2d25a0095fa2f123addda33a32f308d00",
                "sha256:2fe3dde34fa125abf29996580d0182c18b8a240d7fa46d10984cc28d27808731",
                "sha256:30bda294346afa78c49a343e26f3ab2ad701e09f6a6373f579593f0cfcb1235a",
                "sha256:33d27ea23e12bf0d420e40c20308c03ef192d312e187c1f72f385edd9bd6d570",
                "sha256:34d24d9370a6089cdd5afe56aa3c4af456e6400f8b4abb030491710ee765bafc",
                "sha256:4e4877c2b96fae90f26ee528a87b9347872472b71c6913715ca15c8fe86a68c9",
                "sha256:50d6f1f26702e5f2a19890c7bc3de00f9b8a0ec131b52edccd56a60d02519649",
                "sha256:55d081162191b7c11c7bfcb7c68e913827dfd5de6ecdbab1b99dab190586c1e8",
                "sha256:59d339c7f99920ff7e1d9d162ea309b35775172e4bab9553f1b968cd43b21d6d",
                "sha256:6cf4d10df9edc040c955fca708bbd65234920e44c30fccd057ecf3128efb31ad",
                "sha256:6ec362539e2a6cf2329cd9820dec64868d8f0babe0d8dc5deff6c87a84d13f68",
                "sha256:7edc61a17c14b6e54d5317b0300d2da23d94a719c466f93cafa3b666b058c43b",
                "sha256:8e37fc4db3f2c4e7e1ed98fe4fe313f1b7202df985de4ee1451d2e331332afae",
                "sha256:b8c996bde5852545507bff45af44328fa48a7b22b5bec2f43083f0b8d1024fd9",
                "sha256:bf9c16f3d46af82f89fdefc0d64b2fb02f899c20da64548a8ea336beefcf8d23",
                "sha256:c1038aba898bed34ab1b5ddb0d3f9c9ae33b0649387ab9ffe6d0af677f66bfc1",
                "sha256:d405649c1bfc42e20d86178257658a859a3217b6e6d950ee8cb76353fcea9c39",
                "sha256:db6eeb20a3bd60e1cdcf6ce9a784bc82aec6ab891c800dc5d7824d5cfbfe77f2",
                "sha256:e382f8cb40dca45c3b439359028a4b60e74e22d391dc2deb360c0b8239d6ddc0",
                "sha256:f3f6c09e2c76f2537d61f907702dd921b04d1c3972f01d5530ef1f748f22bd89",
                "sha256:f749287087f67957c020e1de26906e88b8b0c4ea588facb7349c115a63346f67",
                "sha256:f86b96e014732c0d1ded2c1f51444c80176a98c21856d0da533db4e4aef54070"
            ],
            "version": "==0.29.7"
        },
        "kiwisolver": {
            "hashes": [
                "sha256:05b5b061e09f60f56244adc885c4a7867da25ca387376b02c1efc29cc16bcd0f",
                "sha256:26f4fbd6f5e1dabff70a9ba0d2c4bd30761086454aa30dddc5b52764ee4852b7",
                "sha256:3b2378ad387f49cbb328205bda569b9f87288d6bc1bf4cd683c34523a2341efe",
                "sha256:400599c0fe58d21522cae0e8b22318e09d9729451b17ee61ba8e1e7c0346565c",
                "sha256:47b8cb81a7d18dbaf4fed6a61c3cecdb5adec7b4ac292bddb0d016d57e8507d5",
                "sha256:53eaed412477c836e1b9522c19858a8557d6e595077830146182225613b11a75",
                "sha256:58e626e1f7dfbb620d08d457325a4cdac65d1809680009f46bf41eaf74ad0187",
                "sha256:5a52e1b006bfa5be04fe4debbcdd2688432a9af4b207a3f429c74ad625022641",
                "sha256:5c7ca4e449ac9f99b3b9d4693debb1d6d237d1542dd6a56b3305fe8a9620f883",
                "sha256:682e54f0ce8f45981878756d7203fd01e188cc6c8b2c5e2cf03675390b4534d5",
                "sha256:79bfb2f0bd7cbf9ea256612c9523367e5ec51d7cd616ae20ca2c90f575d839a2",
                "sha256:7f4dd50874177d2bb060d74769210f3bce1af87a8c7cf5b37d032ebf94f0aca3",
                "sha256:8944a16020c07b682df861207b7e0efcd2f46c7488619cb55f65882279119389",
                "sha256:8aa7009437640beb2768bfd06da049bad0df85f47ff18426261acecd1cf00897",
                "sha256:939f36f21a8c571686eb491acfffa9c7f1ac345087281b412d63ea39ca14ec4a",
                "sha256:9733b7f64bd9f807832d673355f79703f81f0b3e52bfce420fc00d8cb28c6a6c",
                "sha256:a02f6c3e229d0b7220bd74600e9351e18bc0c361b05f29adae0d10599ae0e326",
                "sha256:a0c0a9f06872330d0dd31b45607197caab3c22777600e88031bfe66799e70bb0",
                "sha256:acc4df99308111585121db217681f1ce0eecb48d3a828a2f9bbf9773f4937e9e",
                "sha256:b64916959e4ae0ac78af7c3e8cef4becee0c0e9694ad477b4c6b3a536de6a544",
                "sha256:d3fcf0819dc3fea58be1fd1ca390851bdb719a549850e708ed858503ff25d995",
                "sha256:d52e3b1868a4e8fd18b5cb15055c76820df514e26aa84cc02f593d99fef6707f",
                "sha256:db1a5d3cc4ae943d674718d6c47d2d82488ddd94b93b9e12d24aabdbfe48caee",
                "sha256:e3a21a720791712ed721c7b95d433e036134de6f18c77dbe96119eaf7aa08004",
                "sha256:e8bf074363ce2babeb4764d94f8e65efd22e6a7c74860a4f05a6947afc020ff2",
                "sha256:f16814a4a96dc04bf1da7d53ee8d5b1d6decfc1a92a63349bb15d37b6a263dd9",
                "sha256:f2b22153870ca5cf2ab9c940d7bc38e8e9089fa0f7e5856ea195e1cf4ff43d5a",
                "sha256:f790f8b3dff3d53453de6a7b7ddd173d2e020fb160baff578d578065b108a05f"
            ],
            "version": "==1.1.0"
        },
        "matplotlib": {
            "hashes": [
                "sha256:1ae6549976b6ceb6ee426272a28c0fc9715b3e3669694d560c8f661c5b39e2c5",
                "sha256:4d4250bf508dd07cca3b43888097f873cadb66eec6ac63dbbfb798798ec07af2",
                "sha256:53af2e01d7f1700ed2b64a9091bc865360c9c4032f625451c4589a826854c787",
                "sha256:63e498067d32d627111cd1162cae1621f1221f9d4c6a9745dd7233f29de581b6",
                "sha256:7169a34971e398dd58e87e173f97366fd88a3fa80852704530433eb224a8ca57",
                "sha256:91c54d6bb9eeaaff965656c5ea6cbdcbf780bad8462ac99b30b451548194746f",
                "sha256:aeef177647bb3fccfe09065481989d7dfc5ac59e9367d6a00a3481062cf651e4",
                "sha256:cf8ae10559a78aee0409ede1e9d4fda03895433eeafe609dd9ed67e45f552db0",
                "sha256:d51d0889d1c4d51c51a9822265c0494ea3e70a52bdd88358e0863daca46fa23a",
                "sha256:de5ccd3500247f85fe4f9fad90f80a8bd397e4f110a4c33fabf95f07403e8372",
                "sha256:e1d33589e32f482d0a7d1957bf473d43341115d40d33f578dad44432e47df7b7",
                "sha256:e8d1939262aa6b36d0c51f50a50a43a04b9618d20db31e6c0192b1463067aeef",
                "sha256:e918d51b1fda82a65fdf52d2f3914b2246481cc2a9cd10e223e6be6078916ff3"
            ],
            "index": "pypi",
            "version": "==3.0.3"
        },
        "netcdf4": {
            "hashes": [
                "sha256:020b3366bae2f09fa9ce4bcf68f7faa76e8f3fa3f9030852b5276c41ce22e09f",
                "sha256:09ec6137e888f2e83c3988b44c1a4568b74ea383d7cfb50c9c66e69c12b91cdd",
                "sha256:0c755865662fa1847d427d76e1443c96d0194b98976d5ba2a750c9e9e03c4871",
                "sha256:12342092048e092c9e55596207931d7a9707ac668f7b2257292da0da1ec6b056",
                "sha256:3d33cbd5e6e24310198dc92831567f65f59e3abb329642b16c292283f6e9421d",
                "sha256:4b1a3029358b527a929fe3e9f5534d5cc1a8d9096200fae12105b0eaf097bf6d",
                "sha256:53f032a81d506a81f65e2d2c357959e57f224e15991d80cad0081d55115e6187",
                "sha256:55971e59d7d68a9ed6c80bc0f694154c89471906f500f04902a020a2b4c05ad4",
                "sha256:5f5c14b8ecab0a640a5111ef81202cca9232a083498a8f762b3374b1a8331085",
                "sha256:665b578332ac25f74af1c083f3ee713bd48d3af0b5adef6def27fa8c2d0d3765",
                "sha256:8ab3eea11bd91a8bfea1cfca0a352008a499e662f585adbb5b88c86b00cc32bc",
                "sha256:8cfdb3264241c92c69f8f1014f0b5c1c66de1e12aef7b14aeb7e977613907587",
                "sha256:9574baed5c1882b6c157c7a63008674ec218e48f0457f19689bbe15fd8697c83",
                "sha256:b44833504093d9b684d5573fb352beffe9536264c3a32ad1dd04d0a7999feb5b",
                "sha256:b619e533f9f86d46f62288d76281b9ae0aa9528ddf8f60409cea6ab396fe7e0f",
                "sha256:b7dd985f3b186209a683986728fac25ce6b1a4baf069c2e509f9ee182f11d344",
                "sha256:bf3a96789f82d92c9d294c01f216ab56fc22e5c6a8e7bee8b816e8b1a2d42d27",
                "sha256:c8482dc5c9effc5e5387e8cf14b40b061ef13e7a2a804f532435e8a36e1c29fb",
                "sha256:cab8e770b108604dfccba46841ebbc650ff2379a3403bb2c5ad2d826e8a4d8f4",
                "sha256:ef6003e6bc55465eab40e0b78e6c17e76f57ea2dfd58fa7968bb51ee8a6debba",
                "sha256:f01f56229db8b5f14faad75356250bfeec836727bab360d7107f26d8bdc6dabc",
                "sha256:f34b3152d089d59b1dee29189c5df0c8ec6f18f2f49a6b6903d226d6cfc23798",
                "sha256:fbae00c61664e1e4bd9bad1668d5844eb50ce444dabe8bae653b14491f859a6e"
            ],
            "version": "==1.5.1.2"
        },
        "numpy": {
            "hashes": [
                "sha256:0e2eed77804b2a6a88741f8fcac02c5499bba3953ec9c71e8b217fad4912c56c",
                "sha256:1c666f04553ef70fda54adf097dbae7080645435fc273e2397f26bbf1d127bbb",
                "sha256:1f46532afa7b2903bfb1b79becca2954c0a04389d19e03dc73f06b039048ac40",
                "sha256:315fa1b1dfc16ae0f03f8fd1c55f23fd15368710f641d570236f3d78af55e340",
                "sha256:3d5fcea4f5ed40c3280791d54da3ad2ecf896f4c87c877b113576b8280c59441",
                "sha256:48241759b99d60aba63b0e590332c600fc4b46ad597c9b0a53f350b871ef0634",
                "sha256:4b4f2924b36d857cf302aec369caac61e43500c17eeef0d7baacad1084c0ee84",
                "sha256:54fe3b7ed9e7eb928bbc4318f954d133851865f062fa4bbb02ef8940bc67b5d2",
                "sha256:5a8f021c70e6206c317974c93eaaf9bc2b56295b6b1cacccf88846e44a1f33fc",
                "sha256:754a6be26d938e6ca91942804eb209307b73f806a1721176278a6038869a1686",
                "sha256:771147e654e8b95eea1293174a94f34e2e77d5729ad44aefb62fbf8a79747a15",
                "sha256:78a6f89da87eeb48014ec652a65c4ffde370c036d780a995edaeb121d3625621",
                "sha256:7fde5c2a3a682a9e101e61d97696687ebdba47637611378b4127fe7e47fdf2bf",
                "sha256:80d99399c97f646e873dd8ce87c38cfdbb668956bbc39bc1e6cac4b515bba2a0",
                "sha256:88a72c1e45a0ae24d1f249a529d9f71fe82e6fa6a3fd61414b829396ec585900",
                "sha256:a4f4460877a16ac73302a9c077ca545498d9fe64e6a81398d8e1a67e4695e3df",
                "sha256:a61255a765b3ac73ee4b110b28fccfbf758c985677f526c2b4b39c48cc4b509d",
                "sha256:ab4896a8c910b9a04c0142871d8800c76c8a2e5ff44763513e1dd9d9631ce897",
                "sha256:abbd6b1c2ef6199f4b7ca9f818eb6b31f17b73a6110aadc4e4298c3f00fab24e",
                "sha256:b16d88da290334e33ea992c56492326ea3b06233a00a1855414360b77ca72f26",
                "sha256:b78a1defedb0e8f6ae1eb55fa6ac74ab42acc4569c3a2eacc2a407ee5d42ebcb",
                "sha256:cfef82c43b8b29ca436560d51b2251d5117818a8d1fb74a8384a83c096745dad",
                "sha256:d160e57731fcdec2beda807ebcabf39823c47e9409485b5a3a1db3a8c6ce763e"
            ],
            "index": "pypi",
            "version": "==1.16.3"
        },
        "pandas": {
            "hashes": [
                "sha256:071e42b89b57baa17031af8c6b6bbd2e9a5c68c595bc6bf9adabd7a9ed125d3b",
                "sha256:17450e25ae69e2e6b303817bdf26b2cd57f69595d8550a77c308be0cd0fd58fa",
                "sha256:17916d818592c9ec891cbef2e90f98cc85e0f1e89ed0924c9b5220dc3209c846",
                "sha256:2538f099ab0e9f9c9d09bbcd94b47fd889bad06dc7ae96b1ed583f1dc1a7a822",
                "sha256:366f30710172cb45a6b4f43b66c220653b1ea50303fbbd94e50571637ffb9167",
                "sha256:42e5ad741a0d09232efbc7fc648226ed93306551772fc8aecc6dce9f0e676794",
                "sha256:4e718e7f395ba5bfe8b6f6aaf2ff1c65a09bb77a36af6394621434e7cc813204",
                "sha256:4f919f409c433577a501e023943e582c57355d50a724c589e78bc1d551a535a2",
                "sha256:4fe0d7e6438212e839fc5010c78b822664f1a824c0d263fd858f44131d9166e2",
                "sha256:5149a6db3e74f23dc3f5a216c2c9ae2e12920aa2d4a5b77e44e5b804a5f93248",
                "sha256:627594338d6dd995cfc0bacd8e654cd9e1252d2a7c959449228df6740d737eb8",
                "sha256:83c702615052f2a0a7fb1dd289726e29ec87a27272d775cb77affe749cca28f8",
                "sha256:8c872f7fdf3018b7891e1e3e86c55b190e6c5cee70cab771e8f246c855001296",
                "sha256:90f116086063934afd51e61a802a943826d2aac572b2f7d55caaac51c13db5b5",
                "sha256:a3352bacac12e1fc646213b998bce586f965c9d431773d9e91db27c7c48a1f7d",
                "sha256:bcdd06007cca02d51350f96debe51331dec429ac8f93930a43eb8fb5639e3eb5",
                "sha256:c1bd07ebc15285535f61ddd8c0c75d0d6293e80e1ee6d9a8d73f3f36954342d0",
                "sha256:c9a4b7c55115eb278c19aa14b34fcf5920c8fe7797a09b7b053ddd6195ea89b3",
                "sha256:cc8fc0c7a8d5951dc738f1c1447f71c43734244453616f32b8aa0ef6013a5dfb",
                "sha256:d7b460bc316064540ce0c41c1438c416a40746fd8a4fb2999668bf18f3c4acf1"
            ],
            "index": "pypi",
            "version": "==0.24.2"
        },
        "pyparsing": {
            "hashes": [
                "sha256:1873c03321fc118f4e9746baf201ff990ceb915f433f23b395f5580d1840cb2a",
                "sha256:9b6323ef4ab914af344ba97510e966d64ba91055d6b9afa6b30799340e89cc03"
            ],
            "version": "==2.4.0"
        },
        "pystan": {
            "hashes": [
                "sha256:2b33917067123eec8afda90942e26eb4837810c6897db1e5949b42a08d0e23b2",
                "sha256:36a0503adbfbda56be724b9f5b3444d7bc25417b51e25f4c56ce6fb4d64ff4a1",
                "sha256:4ee613ce1499db317e056daf7fcf7888317ebf09df673533184834d1d13d02db",
                "sha256:59e37a5601c53ef28031c1a0ca1b6cacafedb01d7e67f1e0d174f5ce7beb5e02",
                "sha256:97375e06b1054de1e555fbe197b979836cfb2cd833dbd3d760768ea17aa41e52",
                "sha256:b85301b960d5991918b40bd64a4e9321813657a9fc028e0f39edce7220a309eb",
                "sha256:b8e6e4bef4ead53d49f59e9d30a6a7e64777db2b7d99a74e1e320f74eed4431a",
                "sha256:cae9dda4f5ab3c50df0a851082a2e429946f318ea0fd83301f2bae86daf43ab3",
                "sha256:fcd8b5186531561dfbde7ccb9416255f4c1acb69d323070c218719a436114b08",
                "sha256:fd82b211ec57d34e7a31f0349a1fd8cf84a852744406b7df851dc8596da066e8"
            ],
            "index": "pypi",
            "version": "==2.19.0.0"
        },
        "python-dateutil": {
            "hashes": [
                "sha256:7e6584c74aeed623791615e26efd690f29817a27c73085b78e4bad02493df2fb",
                "sha256:c89805f6f4d64db21ed966fda138f8a5ed7a4fdbc1a8ee329ce1b74e3c74da9e"
            ],
            "version": "==2.8.0"
        },
        "python-libsbml": {
            "hashes": [
                "sha256:0762b4b727c1af3632d607042252e4d46c09299d5c3a8288ff2f394b63fd3226",
                "sha256:0d9af72333717e9a6d325b937ca636d8a65db043eefec1f4755df530e293ffa3",
                "sha256:12471540906f7c9f9f79bcf8cafc7ece57854cb0351968ff59e60540c835bfa3",
                "sha256:12d2ef75cbe0933a50fcdb93f77ac0b81dfbd8f11848eea973876832d2a3fb48",
                "sha256:17460b51275d8606021a4a388735ecfcdbfbe12555433735052ee51496704a79",
                "sha256:27660f85d44721cc94ba30734b0ff38c7ccb0a5278a23c5a3c0206cc3d5a6b7c",
                "sha256:33454014a5f38ed9de905cc79bec50cafd261bb907009cd97f75c29dd9a749a1",
                "sha256:3a97d61a5af0a61c7292756f0d7232351765b59b27a5bb8852f2f16f61b46c78",
                "sha256:4b50b3af204244c54fa06d26ef401498024216ebc919ad228acd58ad5abb0fff",
                "sha256:50b1cd9d02fa4b64ee8f346f5d80a19812f9b47e8cdcf272ffe6021458a1e470",
                "sha256:58e36e83c3763887f56a6e51fe9ba3bb5ad903d7bc1be028b57bc147c1ab5ea1",
                "sha256:5f12a1d08e763c1a5424c94701e792c618bf35b37fea12ec5a44d42317bc182e",
                "sha256:60ac2a6b0da258b7eca975032483ad3c9493dcdef75e449b2dd0544de2d17a79",
                "sha256:65a6c9de18abea7a290faa35f49a41bae138a26c61155dccc06a8070a8ebdbcf",
                "sha256:6607693e4f8732e13528d40d95d26900ce16f48a179b9eb28cdfc30d8a02ac9a",
                "sha256:6a38870f4058b3ef512b70249d21752b0bfc9f7dd87b2dd80c3af19836f82f3c",
                "sha256:6ea9b1ea48db558f2cdc9c67b6aabeb1a5f5b0b547a114c7b7edd4459d99d1da",
                "sha256:7c51ac357b0ea4e4cec9959321306a66fc9ed2ebc57a4cc165f1cab5afc768c6",
                "sha256:81a257393b662bb0b3f7d1c847748e643609621be6b6d6b58d6d557c276e448e",
                "sha256:863e8f6e7b7d4489ea930a02f858d0a3810c8899c0f996ed4c21e8bd761915dd",
                "sha256:8bbdca66d4bc1070f5f42669980d868897a7700786afae2337266ed8f13ce3a0",
                "sha256:93bcbea32542dc0668978e52098f4e1febe13a2a7a7566124a929f4962876574",
                "sha256:94f4d39c7924fad14ff2cbf22ee851c34da400b124a2182643740a831310d19d",
                "sha256:a18325fb04e011698dd6115ecdbffbed8d8a48b5b6e36985dc1bd823c60589b0",
                "sha256:badc02a3aba8ed2e9d558eb99abfaad4df984f3cfe22641ba8e6e64369962497",
                "sha256:bda94a98523d22ccef0c5f5e1e9070820286040be8b7e4a605f628d25174c24b",
                "sha256:e28ac26f25101e6db5a312a85d0d85957cb919f9fac0c8d6ded816afedd11521",
                "sha256:e30a332f27a122a3b52c0d13d22560b8a74bd95ed54c374e8384e7e964f08cff",
                "sha256:f7cd335ca9e6571d0fb9c480d770958d0b75f57bfafc7617eca97b33eed14e0c"
            ],
            "index": "pypi",
            "version": "==5.18.0"
        },
        "pytz": {
            "hashes": [
                "sha256:303879e36b721603cc54604edcac9d20401bdbe31e1e4fdee5b9f98d5d31dfda",
                "sha256:d747dd3d23d77ef44c6a3526e274af6efeb0a6f1afd5a69ba4d5be4098c8e141"
            ],
            "version": "==2019.1"
        },
        "scipy": {
            "hashes": [
                "sha256:014cb900c003b5ac81a53f2403294e8ecf37aedc315b59a6b9370dce0aa7627a",
                "sha256:281a34da34a5e0de42d26aed692ab710141cad9d5d218b20643a9cb538ace976",
                "sha256:588f9cc4bfab04c45fbd19c1354b5ade377a8124d6151d511c83730a9b6b2338",
                "sha256:5a10661accd36b6e2e8855addcf3d675d6222006a15795420a39c040362def66",
                "sha256:628f60be272512ca1123524969649a8cb5ae8b31cca349f7c6f8903daf9034d7",
                "sha256:6dcc43a88e25b815c2dea1c6fac7339779fc988f5df8396e1de01610604a7c38",
                "sha256:70e37cec0ac0fe95c85b74ca4e0620169590fd5d3f44765f3c3a532cedb0e5fd",
                "sha256:7274735fb6fb5d67d3789ddec2cd53ed6362539b41aa6cc0d33a06c003aaa390",
                "sha256:78e12972e144da47326958ac40c2bd1c1cca908edc8b01c26a36f9ffd3dce466",
                "sha256:790cbd3c8d09f3a6d9c47c4558841e25bac34eb7a0864a9def8f26be0b8706af",
                "sha256:79792c8fe8e9d06ebc50fe23266522c8c89f20aa94ac8e80472917ecdce1e5ba",
                "sha256:865afedf35aaef6df6344bee0de391ee5e99d6e802950a237f9fb9b13e441f91",
                "sha256:870fd401ec7b64a895cff8e206ee16569158db00254b2f7157b4c9a5db72c722",
                "sha256:963815c226b29b0176d5e3d37fc9de46e2778ce4636a5a7af11a48122ef2577c",
                "sha256:9726791484f08e394af0b59eb80489ad94d0a53bbb58ab1837dcad4d58489863",
                "sha256:9de84a71bb7979aa8c089c4fb0ea0e2ed3917df3fb2a287a41aaea54bbad7f5d",
                "sha256:b2c324ddc5d6dbd3f13680ad16a29425841876a84a1de23a984236d1afff4fa6",
                "sha256:b86ae13c597fca087cb8c193870507c8916cefb21e52e1897da320b5a35075e5",
                "sha256:ba0488d4dbba2af5bf9596b849873102d612e49a118c512d9d302ceafa36e01a",
                "sha256:d78702af4102a3a4e23bb7372cec283e78f32f5573d92091aa6aaba870370fe1",
                "sha256:def0e5d681dd3eb562b059d355ae8bebe27f5cc455ab7c2b6655586b63d3a8ea",
                "sha256:e085d1babcb419bbe58e2e805ac61924dac4ca45a07c9fa081144739e500aa3c",
                "sha256:e2cfcbab37c082a5087aba5ff00209999053260441caadd4f0e8f4c2d6b72088",
                "sha256:e742f1f5dcaf222e8471c37ee3d1fd561568a16bb52e031c25674ff1cf9702d5",
                "sha256:f06819b028b8ef9010281e74c59cb35483933583043091ed6b261bb1540f11cc",
                "sha256:f15f2d60a11c306de7700ee9f65df7e9e463848dbea9c8051e293b704038da60",
                "sha256:f31338ee269d201abe76083a990905473987371ff6f3fdb76a3f9073a361cf37",
                "sha256:f6b88c8d302c3dac8dff7766955e38d670c82e0d79edfc7eae47d6bb2c186594"
            ],
            "version": "==1.2.1"
        },
        "six": {
            "hashes": [
                "sha256:3350809f0555b11f552448330d0b52d5f24c91a322ea4a15ef22629740f3761c",
                "sha256:d16a0141ec1a18405cd4ce8b4613101da75da0e9a7aec5bdd4fa804d0e0eba73"
            ],
            "version": "==1.12.0"
        },
        "toml": {
            "hashes": [
                "sha256:229f81c57791a41d65e399fc06bf0848bab550a9dfd5ed66df18ce5f05e73d5c",
                "sha256:235682dd292d5899d361a811df37e04a8828a5b1da3115886b73cf81ebc9100e"
            ],
            "index": "pypi",
            "version": "==0.10.0"
        },
        "xarray": {
            "hashes": [
                "sha256:9fe63e4d8488883bb357e7b668556e0a81e7b8d4a84bf0e81533bc964b9872e4",
                "sha256:ac09a819e791be208ae33fa7ecee19d0fe7b5479906f927d358a61957ce27e10"
            ],
            "version": "==0.12.1"
        }
    },
    "develop": {}
}
